
Microsoft Visual Studio Solution File, Format Version 12.00
# Visual Studio 15
VisualStudioVersion = 15.0.28307.572
MinimumVisualStudioVersion = 10.0.40219.1
Project("{FAE04EC0-301F-11D3-BF4B-00C04F79EFBC}") = "Pizza Web API", "Pizza Web API\Pizza Web API.csproj", "{0F22919F-3E0E-4121-9B06-8CA8CD9A7B55}"
EndProject
Global
	GlobalSection(SolutionConfigurationPlatforms) = preSolution
		Debug|Any CPU = Debug|Any CPU
		Release|Any CPU = Release|Any CPU
	EndGlobalSection
	GlobalSection(ProjectConfigurationPlatforms) = postSolution
		{0F22919F-3E0E-4121-9B06-8CA8CD9A7B55}.Debug|Any CPU.ActiveCfg = Debug|Any CPU
		{0F22919F-3E0E-4121-9B06-8CA8CD9A7B55}.Debug|Any CPU.Build.0 = Debug|Any CPU
		{0F22919F-3E0E-4121-9B06-8CA8CD9A7B55}.Release|Any CPU.ActiveCfg = Release|Any CPU
		{0F22919F-3E0E-4121-9B06-8CA8CD9A7B55}.Release|Any CPU.Build.0 = Release|Any CPU
	EndGlobalSection
	GlobalSection(SolutionProperties) = preSolution
		HideSolutionNode = FALSE
	EndGlobalSection
	GlobalSection(ExtensibilityGlobals) = postSolution
		SolutionGuid = {2A97201C-9799-43A0-993A-5E70E5135BFD}
	EndGlobalSection
EndGlobal
