
Microsoft Visual Studio Solution File, Format Version 12.00
# Visual Studio 15
VisualStudioVersion = 15.0.28307.572
MinimumVisualStudioVersion = 10.0.40219.1
Project("{FAE04EC0-301F-11D3-BF4B-00C04F79EFBC}") = "Benchmark Test", "Benchmark Test\Benchmark Test.csproj", "{AB222A81-44A8-4933-9663-C4F0ADA836AA}"
EndProject
Global
	GlobalSection(SolutionConfigurationPlatforms) = preSolution
		Debug|Any CPU = Debug|Any CPU
		Release|Any CPU = Release|Any CPU
	EndGlobalSection
	GlobalSection(ProjectConfigurationPlatforms) = postSolution
		{AB222A81-44A8-4933-9663-C4F0ADA836AA}.Debug|Any CPU.ActiveCfg = Debug|Any CPU
		{AB222A81-44A8-4933-9663-C4F0ADA836AA}.Debug|Any CPU.Build.0 = Debug|Any CPU
		{AB222A81-44A8-4933-9663-C4F0ADA836AA}.Release|Any CPU.ActiveCfg = Release|Any CPU
		{AB222A81-44A8-4933-9663-C4F0ADA836AA}.Release|Any CPU.Build.0 = Release|Any CPU
	EndGlobalSection
	GlobalSection(SolutionProperties) = preSolution
		HideSolutionNode = FALSE
	EndGlobalSection
	GlobalSection(ExtensibilityGlobals) = postSolution
		SolutionGuid = {88FDE47C-77F3-4DC2-A498-5F5D789EEBF3}
	EndGlobalSection
EndGlobal
